{
  "name": "tna",
  "version": "0.1.1",
  "lockfileVersion": 1,
  "requires": true,
  "dependencies": {
    "big-integer": {
      "version": "1.6.36",
      "resolved": "https://registry.npmjs.org/big-integer/-/big-integer-1.6.36.tgz",
      "integrity": "sha512-t70bfa7HYEA1D9idDbmuv7YbsbVkQ+Hp+8KFSul4aE5e/i1bjCNIRYJZlA8Q8p0r9T8cF/RVvwUgRA//FydEyg=="
    },
    "bitcoincashjs": {
      "version": "0.1.10",
      "resolved": "https://registry.npmjs.org/bitcoincashjs/-/bitcoincashjs-0.1.10.tgz",
      "integrity": "sha512-M4SiYYZEWUqWyp2ZE+imxP6Pgm15B4GIU+PvRo1ISvlgnxrwUANEVWAIW5+tam5MD3sO+XqnfK14ymRw14nCFQ==",
      "requires": {
        "big-integer": "1.6.36",
        "bn.js": "2.0.4",
        "bs58": "2.0.0",
        "buffer-compare": "1.0.0",
        "cashaddrjs": "0.2.9",
        "elliptic": "3.0.3",
        "inherits": "2.0.1",
        "lodash": "4.17.11",
        "unorm": "1.4.1"
      }
    },
    "bitcoind-rpc": {
      "version": "0.7.2",
      "resolved": "https://registry.npmjs.org/bitcoind-rpc/-/bitcoind-rpc-0.7.2.tgz",
      "integrity": "sha512-3alq5pH4/mAdEscucew98ls0s7BEaDvKTuYW34nSkTsmTC7G9R7Xh+ABXOxeVBfG/+rKfyQLmFAm2aRq92tJqw=="
    },
    "bn.js": {
      "version": "2.0.4",
      "resolved": "https://registry.npmjs.org/bn.js/-/bn.js-2.0.4.tgz",
      "integrity": "sha1-Igp81nf38b+pNif/QZN3b+eBlIA="
    },
    "brorand": {
      "version": "1.1.0",
      "resolved": "https://registry.npmjs.org/brorand/-/brorand-1.1.0.tgz",
      "integrity": "sha1-EsJe/kCkXjwyPrhnWgoM5XsiNx8="
    },
    "bs58": {
      "version": "2.0.0",
      "resolved": "https://registry.npmjs.org/bs58/-/bs58-2.0.0.tgz",
      "integrity": "sha1-crcTvtIjoKxRi72g484/SBfznrU="
    },
    "buffer-compare": {
      "version": "1.0.0",
      "resolved": "https://registry.npmjs.org/buffer-compare/-/buffer-compare-1.0.0.tgz",
      "integrity": "sha1-rKp6lm6Y7un64Usxw5pfFY+zxKI="
    },
    "cashaddrjs": {
      "version": "0.2.9",
      "resolved": "https://registry.npmjs.org/cashaddrjs/-/cashaddrjs-0.2.9.tgz",
      "integrity": "sha512-DhJF4iAH0/RM3UjHDHKRxzs09YGL9px+oTyizzydanhC7jTyM2aJ+aLKA96vZGTTWayvvr2iDF2l13lpqXiRFg==",
      "requires": {
        "big-integer": "1.6.36"
      }
    },
    "dotenv": {
      "version": "6.0.0",
      "resolved": "https://registry.npmjs.org/dotenv/-/dotenv-6.0.0.tgz",
      "integrity": "sha512-FlWbnhgjtwD+uNLUGHbMykMOYQaTivdHEmYwAKFjn6GKe/CqY0fNae93ZHTd20snh9ZLr8mTzIL9m0APQ1pjQg=="
    },
    "elliptic": {
      "version": "3.0.3",
      "resolved": "https://registry.npmjs.org/elliptic/-/elliptic-3.0.3.tgz",
      "integrity": "sha1-hlybQgv75VAGuflp+XoNLESWZZU=",
      "requires": {
        "bn.js": "2.0.4",
        "brorand": "1.1.0",
        "hash.js": "1.1.5",
        "inherits": "2.0.1"
      }
    },
    "hash.js": {
      "version": "1.1.5",
      "resolved": "https://registry.npmjs.org/hash.js/-/hash.js-1.1.5.tgz",
      "integrity": "sha512-eWI5HG9Np+eHV1KQhisXWwM+4EPPYe5dFX1UZZH7k/E3JzDEazVH+VGlZi6R94ZqImq+A3D1mCEtrFIfg/E7sA==",
      "requires": {
        "inherits": "2.0.3",
        "minimalistic-assert": "1.0.1"
      },
      "dependencies": {
        "inherits": {
          "version": "2.0.3",
          "resolved": "https://registry.npmjs.org/inherits/-/inherits-2.0.3.tgz",
          "integrity": "sha1-Yzwsg+PaQqUC9SRmAiSA9CCCYd4="
        }
      }
    },
    "inherits": {
      "version": "2.0.1",
      "resolved": "https://registry.npmjs.org/inherits/-/inherits-2.0.1.tgz",
      "integrity": "sha1-sX0I0ya0Qj5Wjv9xn5GwscvfafE="
    },
    "lodash": {
      "version": "4.17.11",
      "resolved": "https://registry.npmjs.org/lodash/-/lodash-4.17.11.tgz",
      "integrity": "sha512-cQKh8igo5QUhZ7lg38DYWAxMvjSAKG0A8wGSVimP07SIUEK2UO+arSRKbRZWtelMtN5V0Hkwh5ryOto/SshYIg=="
    },
    "minimalistic-assert": {
      "version": "1.0.1",
      "resolved": "https://registry.npmjs.org/minimalistic-assert/-/minimalistic-assert-1.0.1.tgz",
      "integrity": "sha512-UtJcAD4yEaGtjPezWuO9wC4nwUnVH/8/Im3yEHQP4b67cXlD/Qr9hdITCU1xDbSEXg2XKNaP8jsReV7vQd00/A=="
    },
    "unorm": {
      "version": "1.4.1",
      "resolved": "https://registry.npmjs.org/unorm/-/unorm-1.4.1.tgz",
      "integrity": "sha1-NkIA1fE2RsqLzURJAnEzVhR5IwA="
    }
  }
}
